
Microsoft Visual Studio Solution File, Format Version 12.00
# Visual Studio Version 16
VisualStudioVersion = 16.0.29920.165
MinimumVisualStudioVersion = 10.0.40219.1
Project("{9A19103F-16F7-4668-BE54-9A1E7A4F7556}") = "Taxi.Common", "Taxi.Common\Taxi.Common.csproj", "{A904B22C-3037-4B09-94DF-B83A45CCD181}"
EndProject
Project("{9A19103F-16F7-4668-BE54-9A1E7A4F7556}") = "Taxi.Web", "Taxi.Web\Taxi.Web.csproj", "{996E8ECE-A180-42E1-A8F9-2828BF071B8A}"
EndProject
Project("{FAE04EC0-301F-11D3-BF4B-00C04F79EFBC}") = "Taxi.Prism", "Taxi.Prism\Taxi.Prism\Taxi.Prism.csproj", "{7B8BA655-32DC-4E65-B983-5F4F720A25CF}"
EndProject
Project("{FAE04EC0-301F-11D3-BF4B-00C04F79EFBC}") = "Taxi.Prism.Android", "Taxi.Prism\Taxi.Prism.Android\Taxi.Prism.Android.csproj", "{479DB8B8-C3D0-4989-98C5-BFC71E7D895C}"
EndProject
Project("{FAE04EC0-301F-11D3-BF4B-00C04F79EFBC}") = "Taxi.Prism.iOS", "Taxi.Prism\Taxi.Prism.iOS\Taxi.Prism.iOS.csproj", "{7396F82B-DE91-41CB-A0C1-DA663D55B9F3}"
EndProject
Project("{FAE04EC0-301F-11D3-BF4B-00C04F79EFBC}") = "Taxi.Cross.Android", "Taxi.Cross.Android\Taxi.Cross.Android.csproj", "{BFC821F8-7599-4F2E-BF34-8D0E3B336030}"
EndProject
Project("{FAE04EC0-301F-11D3-BF4B-00C04F79EFBC}") = "Taxi.Cross.iOS", "Taxi.Cross.iOS\Taxi.Cross.iOS.csproj", "{FD35E76C-5BCC-4BBF-96BE-4FDC84E61E82}"
EndProject
Global
	GlobalSection(SolutionConfigurationPlatforms) = preSolution
		Ad-Hoc|Any CPU = Ad-Hoc|Any CPU
		Ad-Hoc|iPhone = Ad-Hoc|iPhone
		Ad-Hoc|iPhoneSimulator = Ad-Hoc|iPhoneSimulator
		AppStore|Any CPU = AppStore|Any CPU
		AppStore|iPhone = AppStore|iPhone
		AppStore|iPhoneSimulator = AppStore|iPhoneSimulator
		Debug|Any CPU = Debug|Any CPU
		Debug|iPhone = Debug|iPhone
		Debug|iPhoneSimulator = Debug|iPhoneSimulator
		Release|Any CPU = Release|Any CPU
		Release|iPhone = Release|iPhone
		Release|iPhoneSimulator = Release|iPhoneSimulator
	EndGlobalSection
	GlobalSection(ProjectConfigurationPlatforms) = postSolution
		{A904B22C-3037-4B09-94DF-B83A45CCD181}.Ad-Hoc|Any CPU.ActiveCfg = Release|Any CPU
		{A904B22C-3037-4B09-94DF-B83A45CCD181}.Ad-Hoc|Any CPU.Build.0 = Release|Any CPU
		{A904B22C-3037-4B09-94DF-B83A45CCD181}.Ad-Hoc|iPhone.ActiveCfg = Release|Any CPU
		{A904B22C-3037-4B09-94DF-B83A45CCD181}.Ad-Hoc|iPhone.Build.0 = Release|Any CPU
		{A904B22C-3037-4B09-94DF-B83A45CCD181}.Ad-Hoc|iPhoneSimulator.ActiveCfg = Release|Any CPU
		{A904B22C-3037-4B09-94DF-B83A45CCD181}.Ad-Hoc|iPhoneSimulator.Build.0 = Release|Any CPU
		{A904B22C-3037-4B09-94DF-B83A45CCD181}.AppStore|Any CPU.ActiveCfg = Release|Any CPU
		{A904B22C-3037-4B09-94DF-B83A45CCD181}.AppStore|Any CPU.Build.0 = Release|Any CPU
		{A904B22C-3037-4B09-94DF-B83A45CCD181}.AppStore|iPhone.ActiveCfg = Release|Any CPU
		{A904B22C-3037-4B09-94DF-B83A45CCD181}.AppStore|iPhone.Build.0 = Release|Any CPU
		{A904B22C-3037-4B09-94DF-B83A45CCD181}.AppStore|iPhoneSimulator.ActiveCfg = Release|Any CPU
		{A904B22C-3037-4B09-94DF-B83A45CCD181}.AppStore|iPhoneSimulator.Build.0 = Release|Any CPU
		{A904B22C-3037-4B09-94DF-B83A45CCD181}.Debug|Any CPU.ActiveCfg = Debug|Any CPU
		{A904B22C-3037-4B09-94DF-B83A45CCD181}.Debug|Any CPU.Build.0 = Debug|Any CPU
		{A904B22C-3037-4B09-94DF-B83A45CCD181}.Debug|iPhone.ActiveCfg = Debug|Any CPU
		{A904B22C-3037-4B09-94DF-B83A45CCD181}.Debug|iPhone.Build.0 = Debug|Any CPU
		{A904B22C-3037-4B09-94DF-B83A45CCD181}.Debug|iPhoneSimulator.ActiveCfg = Debug|Any CPU
		{A904B22C-3037-4B09-94DF-B83A45CCD181}.Debug|iPhoneSimulator.Build.0 = Debug|Any CPU
		{A904B22C-3037-4B09-94DF-B83A45CCD181}.Release|Any CPU.ActiveCfg = Release|Any CPU
		{A904B22C-3037-4B09-94DF-B83A45CCD181}.Release|Any CPU.Build.0 = Release|Any CPU
		{A904B22C-3037-4B09-94DF-B83A45CCD181}.Release|iPhone.ActiveCfg = Release|Any CPU
		{A904B22C-3037-4B09-94DF-B83A45CCD181}.Release|iPhone.Build.0 = Release|Any CPU
		{A904B22C-3037-4B09-94DF-B83A45CCD181}.Release|iPhoneSimulator.ActiveCfg = Release|Any CPU
		{A904B22C-3037-4B09-94DF-B83A45CCD181}.Release|iPhoneSimulator.Build.0 = Release|Any CPU
		{996E8ECE-A180-42E1-A8F9-2828BF071B8A}.Ad-Hoc|Any CPU.ActiveCfg = Release|Any CPU
		{996E8ECE-A180-42E1-A8F9-2828BF071B8A}.Ad-Hoc|Any CPU.Build.0 = Release|Any CPU
		{996E8ECE-A180-42E1-A8F9-2828BF071B8A}.Ad-Hoc|iPhone.ActiveCfg = Release|Any CPU
		{996E8ECE-A180-42E1-A8F9-2828BF071B8A}.Ad-Hoc|iPhone.Build.0 = Release|Any CPU
		{996E8ECE-A180-42E1-A8F9-2828BF071B8A}.Ad-Hoc|iPhoneSimulator.ActiveCfg = Release|Any CPU
		{996E8ECE-A180-42E1-A8F9-2828BF071B8A}.Ad-Hoc|iPhoneSimulator.Build.0 = Release|Any CPU
		{996E8ECE-A180-42E1-A8F9-2828BF071B8A}.AppStore|Any CPU.ActiveCfg = Release|Any CPU
		{996E8ECE-A180-42E1-A8F9-2828BF071B8A}.AppStore|Any CPU.Build.0 = Release|Any CPU
		{996E8ECE-A180-42E1-A8F9-2828BF071B8A}.AppStore|iPhone.ActiveCfg = Release|Any CPU
		{996E8ECE-A180-42E1-A8F9-2828BF071B8A}.AppStore|iPhone.Build.0 = Release|Any CPU
		{996E8ECE-A180-42E1-A8F9-2828BF071B8A}.AppStore|iPhoneSimulator.ActiveCfg = Release|Any CPU
		{996E8ECE-A180-42E1-A8F9-2828BF071B8A}.AppStore|iPhoneSimulator.Build.0 = Release|Any CPU
		{996E8ECE-A180-42E1-A8F9-2828BF071B8A}.Debug|Any CPU.ActiveCfg = Debug|Any CPU
		{996E8ECE-A180-42E1-A8F9-2828BF071B8A}.Debug|Any CPU.Build.0 = Debug|Any CPU
		{996E8ECE-A180-42E1-A8F9-2828BF071B8A}.Debug|iPhone.ActiveCfg = Debug|Any CPU
		{996E8ECE-A180-42E1-A8F9-2828BF071B8A}.Debug|iPhone.Build.0 = Debug|Any CPU
		{996E8ECE-A180-42E1-A8F9-2828BF071B8A}.Debug|iPhoneSimulator.ActiveCfg = Debug|Any CPU
		{996E8ECE-A180-42E1-A8F9-2828BF071B8A}.Debug|iPhoneSimulator.Build.0 = Debug|Any CPU
		{996E8ECE-A180-42E1-A8F9-2828BF071B8A}.Release|Any CPU.ActiveCfg = Release|Any CPU
		{996E8ECE-A180-42E1-A8F9-2828BF071B8A}.Release|Any CPU.Build.0 = Release|Any CPU
		{996E8ECE-A180-42E1-A8F9-2828BF071B8A}.Release|iPhone.ActiveCfg = Release|Any CPU
		{996E8ECE-A180-42E1-A8F9-2828BF071B8A}.Release|iPhone.Build.0 = Release|Any CPU
		{996E8ECE-A180-42E1-A8F9-2828BF071B8A}.Release|iPhoneSimulator.ActiveCfg = Release|Any CPU
		{996E8ECE-A180-42E1-A8F9-2828BF071B8A}.Release|iPhoneSimulator.Build.0 = Release|Any CPU
		{7B8BA655-32DC-4E65-B983-5F4F720A25CF}.Ad-Hoc|Any CPU.ActiveCfg = Debug|Any CPU
		{7B8BA655-32DC-4E65-B983-5F4F720A25CF}.Ad-Hoc|Any CPU.Build.0 = Debug|Any CPU
		{7B8BA655-32DC-4E65-B983-5F4F720A25CF}.Ad-Hoc|iPhone.ActiveCfg = Debug|Any CPU
		{7B8BA655-32DC-4E65-B983-5F4F720A25CF}.Ad-Hoc|iPhone.Build.0 = Debug|Any CPU
		{7B8BA655-32DC-4E65-B983-5F4F720A25CF}.Ad-Hoc|iPhoneSimulator.ActiveCfg = Debug|Any CPU
		{7B8BA655-32DC-4E65-B983-5F4F720A25CF}.Ad-Hoc|iPhoneSimulator.Build.0 = Debug|Any CPU
		{7B8BA655-32DC-4E65-B983-5F4F720A25CF}.AppStore|Any CPU.ActiveCfg = Debug|Any CPU
		{7B8BA655-32DC-4E65-B983-5F4F720A25CF}.AppStore|Any CPU.Build.0 = Debug|Any CPU
		{7B8BA655-32DC-4E65-B983-5F4F720A25CF}.AppStore|iPhone.ActiveCfg = Debug|Any CPU
		{7B8BA655-32DC-4E65-B983-5F4F720A25CF}.AppStore|iPhone.Build.0 = Debug|Any CPU
		{7B8BA655-32DC-4E65-B983-5F4F720A25CF}.AppStore|iPhoneSimulator.ActiveCfg = Debug|Any CPU
		{7B8BA655-32DC-4E65-B983-5F4F720A25CF}.AppStore|iPhoneSimulator.Build.0 = Debug|Any CPU
		{7B8BA655-32DC-4E65-B983-5F4F720A25CF}.Debug|Any CPU.ActiveCfg = Debug|Any CPU
		{7B8BA655-32DC-4E65-B983-5F4F720A25CF}.Debug|Any CPU.Build.0 = Debug|Any CPU
		{7B8BA655-32DC-4E65-B983-5F4F720A25CF}.Debug|iPhone.ActiveCfg = Debug|Any CPU
		{7B8BA655-32DC-4E65-B983-5F4F720A25CF}.Debug|iPhone.Build.0 = Debug|Any CPU
		{7B8BA655-32DC-4E65-B983-5F4F720A25CF}.Debug|iPhoneSimulator.ActiveCfg = Debug|Any CPU
		{7B8BA655-32DC-4E65-B983-5F4F720A25CF}.Debug|iPhoneSimulator.Build.0 = Debug|Any CPU
		{7B8BA655-32DC-4E65-B983-5F4F720A25CF}.Release|Any CPU.ActiveCfg = Release|Any CPU
		{7B8BA655-32DC-4E65-B983-5F4F720A25CF}.Release|Any CPU.Build.0 = Release|Any CPU
		{7B8BA655-32DC-4E65-B983-5F4F720A25CF}.Release|iPhone.ActiveCfg = Release|Any CPU
		{7B8BA655-32DC-4E65-B983-5F4F720A25CF}.Release|iPhone.Build.0 = Release|Any CPU
		{7B8BA655-32DC-4E65-B983-5F4F720A25CF}.Release|iPhoneSimulator.ActiveCfg = Release|Any CPU
		{7B8BA655-32DC-4E65-B983-5F4F720A25CF}.Release|iPhoneSimulator.Build.0 = Release|Any CPU
		{479DB8B8-C3D0-4989-98C5-BFC71E7D895C}.Ad-Hoc|Any CPU.ActiveCfg = Release|Any CPU
		{479DB8B8-C3D0-4989-98C5-BFC71E7D895C}.Ad-Hoc|Any CPU.Build.0 = Release|Any CPU
		{479DB8B8-C3D0-4989-98C5-BFC71E7D895C}.Ad-Hoc|Any CPU.Deploy.0 = Release|Any CPU
		{479DB8B8-C3D0-4989-98C5-BFC71E7D895C}.Ad-Hoc|iPhone.ActiveCfg = Release|Any CPU
		{479DB8B8-C3D0-4989-98C5-BFC71E7D895C}.Ad-Hoc|iPhone.Build.0 = Release|Any CPU
		{479DB8B8-C3D0-4989-98C5-BFC71E7D895C}.Ad-Hoc|iPhone.Deploy.0 = Release|Any CPU
		{479DB8B8-C3D0-4989-98C5-BFC71E7D895C}.Ad-Hoc|iPhoneSimulator.ActiveCfg = Release|Any CPU
		{479DB8B8-C3D0-4989-98C5-BFC71E7D895C}.Ad-Hoc|iPhoneSimulator.Build.0 = Release|Any CPU
		{479DB8B8-C3D0-4989-98C5-BFC71E7D895C}.Ad-Hoc|iPhoneSimulator.Deploy.0 = Release|Any CPU
		{479DB8B8-C3D0-4989-98C5-BFC71E7D895C}.AppStore|Any CPU.ActiveCfg = Release|Any CPU
		{479DB8B8-C3D0-4989-98C5-BFC71E7D895C}.AppStore|Any CPU.Build.0 = Release|Any CPU
		{479DB8B8-C3D0-4989-98C5-BFC71E7D895C}.AppStore|Any CPU.Deploy.0 = Release|Any CPU
		{479DB8B8-C3D0-4989-98C5-BFC71E7D895C}.AppStore|iPhone.ActiveCfg = Release|Any CPU
		{479DB8B8-C3D0-4989-98C5-BFC71E7D895C}.AppStore|iPhone.Build.0 = Release|Any CPU
		{479DB8B8-C3D0-4989-98C5-BFC71E7D895C}.AppStore|iPhone.Deploy.0 = Release|Any CPU
		{479DB8B8-C3D0-4989-98C5-BFC71E7D895C}.AppStore|iPhoneSimulator.ActiveCfg = Release|Any CPU
		{479DB8B8-C3D0-4989-98C5-BFC71E7D895C}.AppStore|iPhoneSimulator.Build.0 = Release|Any CPU
		{479DB8B8-C3D0-4989-98C5-BFC71E7D895C}.AppStore|iPhoneSimulator.Deploy.0 = Release|Any CPU
		{479DB8B8-C3D0-4989-98C5-BFC71E7D895C}.Debug|Any CPU.ActiveCfg = Debug|Any CPU
		{479DB8B8-C3D0-4989-98C5-BFC71E7D895C}.Debug|Any CPU.Build.0 = Debug|Any CPU
		{479DB8B8-C3D0-4989-98C5-BFC71E7D895C}.Debug|Any CPU.Deploy.0 = Debug|Any CPU
		{479DB8B8-C3D0-4989-98C5-BFC71E7D895C}.Debug|iPhone.ActiveCfg = Debug|Any CPU
		{479DB8B8-C3D0-4989-98C5-BFC71E7D895C}.Debug|iPhone.Build.0 = Debug|Any CPU
		{479DB8B8-C3D0-4989-98C5-BFC71E7D895C}.Debug|iPhone.Deploy.0 = Debug|Any CPU
		{479DB8B8-C3D0-4989-98C5-BFC71E7D895C}.Debug|iPhoneSimulator.ActiveCfg = Debug|Any CPU
		{479DB8B8-C3D0-4989-98C5-BFC71E7D895C}.Debug|iPhoneSimulator.Build.0 = Debug|Any CPU
		{479DB8B8-C3D0-4989-98C5-BFC71E7D895C}.Debug|iPhoneSimulator.Deploy.0 = Debug|Any CPU
		{479DB8B8-C3D0-4989-98C5-BFC71E7D895C}.Release|Any CPU.ActiveCfg = Release|Any CPU
		{479DB8B8-C3D0-4989-98C5-BFC71E7D895C}.Release|Any CPU.Build.0 = Release|Any CPU
		{479DB8B8-C3D0-4989-98C5-BFC71E7D895C}.Release|Any CPU.Deploy.0 = Release|Any CPU
		{479DB8B8-C3D0-4989-98C5-BFC71E7D895C}.Release|iPhone.ActiveCfg = Release|Any CPU
		{479DB8B8-C3D0-4989-98C5-BFC71E7D895C}.Release|iPhone.Build.0 = Release|Any CPU
		{479DB8B8-C3D0-4989-98C5-BFC71E7D895C}.Release|iPhone.Deploy.0 = Release|Any CPU
		{479DB8B8-C3D0-4989-98C5-BFC71E7D895C}.Release|iPhoneSimulator.ActiveCfg = Release|Any CPU
		{479DB8B8-C3D0-4989-98C5-BFC71E7D895C}.Release|iPhoneSimulator.Build.0 = Release|Any CPU
		{479DB8B8-C3D0-4989-98C5-BFC71E7D895C}.Release|iPhoneSimulator.Deploy.0 = Release|Any CPU
		{7396F82B-DE91-41CB-A0C1-DA663D55B9F3}.Ad-Hoc|Any CPU.ActiveCfg = Ad-Hoc|iPhone
		{7396F82B-DE91-41CB-A0C1-DA663D55B9F3}.Ad-Hoc|iPhone.ActiveCfg = Ad-Hoc|iPhone
		{7396F82B-DE91-41CB-A0C1-DA663D55B9F3}.Ad-Hoc|iPhone.Build.0 = Ad-Hoc|iPhone
		{7396F82B-DE91-41CB-A0C1-DA663D55B9F3}.Ad-Hoc|iPhoneSimulator.ActiveCfg = Ad-Hoc|iPhoneSimulator
		{7396F82B-DE91-41CB-A0C1-DA663D55B9F3}.Ad-Hoc|iPhoneSimulator.Build.0 = Ad-Hoc|iPhoneSimulator
		{7396F82B-DE91-41CB-A0C1-DA663D55B9F3}.AppStore|Any CPU.ActiveCfg = AppStore|iPhone
		{7396F82B-DE91-41CB-A0C1-DA663D55B9F3}.AppStore|iPhone.ActiveCfg = AppStore|iPhone
		{7396F82B-DE91-41CB-A0C1-DA663D55B9F3}.AppStore|iPhone.Build.0 = AppStore|iPhone
		{7396F82B-DE91-41CB-A0C1-DA663D55B9F3}.AppStore|iPhoneSimulator.ActiveCfg = AppStore|iPhoneSimulator
		{7396F82B-DE91-41CB-A0C1-DA663D55B9F3}.AppStore|iPhoneSimulator.Build.0 = AppStore|iPhoneSimulator
		{7396F82B-DE91-41CB-A0C1-DA663D55B9F3}.Debug|Any CPU.ActiveCfg = Debug|iPhone
		{7396F82B-DE91-41CB-A0C1-DA663D55B9F3}.Debug|iPhone.ActiveCfg = Debug|iPhone
		{7396F82B-DE91-41CB-A0C1-DA663D55B9F3}.Debug|iPhone.Build.0 = Debug|iPhone
		{7396F82B-DE91-41CB-A0C1-DA663D55B9F3}.Debug|iPhoneSimulator.ActiveCfg = Debug|iPhoneSimulator
		{7396F82B-DE91-41CB-A0C1-DA663D55B9F3}.Debug|iPhoneSimulator.Build.0 = Debug|iPhoneSimulator
		{7396F82B-DE91-41CB-A0C1-DA663D55B9F3}.Release|Any CPU.ActiveCfg = Release|iPhone
		{7396F82B-DE91-41CB-A0C1-DA663D55B9F3}.Release|iPhone.ActiveCfg = Release|iPhone
		{7396F82B-DE91-41CB-A0C1-DA663D55B9F3}.Release|iPhone.Build.0 = Release|iPhone
		{7396F82B-DE91-41CB-A0C1-DA663D55B9F3}.Release|iPhoneSimulator.ActiveCfg = Release|iPhoneSimulator
		{7396F82B-DE91-41CB-A0C1-DA663D55B9F3}.Release|iPhoneSimulator.Build.0 = Release|iPhoneSimulator
		{BFC821F8-7599-4F2E-BF34-8D0E3B336030}.Ad-Hoc|Any CPU.ActiveCfg = Release|Any CPU
		{BFC821F8-7599-4F2E-BF34-8D0E3B336030}.Ad-Hoc|Any CPU.Build.0 = Release|Any CPU
		{BFC821F8-7599-4F2E-BF34-8D0E3B336030}.Ad-Hoc|Any CPU.Deploy.0 = Release|Any CPU
		{BFC821F8-7599-4F2E-BF34-8D0E3B336030}.Ad-Hoc|iPhone.ActiveCfg = Release|Any CPU
		{BFC821F8-7599-4F2E-BF34-8D0E3B336030}.Ad-Hoc|iPhone.Build.0 = Release|Any CPU
		{BFC821F8-7599-4F2E-BF34-8D0E3B336030}.Ad-Hoc|iPhone.Deploy.0 = Release|Any CPU
		{BFC821F8-7599-4F2E-BF34-8D0E3B336030}.Ad-Hoc|iPhoneSimulator.ActiveCfg = Release|Any CPU
		{BFC821F8-7599-4F2E-BF34-8D0E3B336030}.Ad-Hoc|iPhoneSimulator.Build.0 = Release|Any CPU
		{BFC821F8-7599-4F2E-BF34-8D0E3B336030}.Ad-Hoc|iPhoneSimulator.Deploy.0 = Release|Any CPU
		{BFC821F8-7599-4F2E-BF34-8D0E3B336030}.AppStore|Any CPU.ActiveCfg = Release|Any CPU
		{BFC821F8-7599-4F2E-BF34-8D0E3B336030}.AppStore|Any CPU.Build.0 = Release|Any CPU
		{BFC821F8-7599-4F2E-BF34-8D0E3B336030}.AppStore|Any CPU.Deploy.0 = Release|Any CPU
		{BFC821F8-7599-4F2E-BF34-8D0E3B336030}.AppStore|iPhone.ActiveCfg = Release|Any CPU
		{BFC821F8-7599-4F2E-BF34-8D0E3B336030}.AppStore|iPhone.Build.0 = Release|Any CPU
		{BFC821F8-7599-4F2E-BF34-8D0E3B336030}.AppStore|iPhone.Deploy.0 = Release|Any CPU
		{BFC821F8-7599-4F2E-BF34-8D0E3B336030}.AppStore|iPhoneSimulator.ActiveCfg = Release|Any CPU
		{BFC821F8-7599-4F2E-BF34-8D0E3B336030}.AppStore|iPhoneSimulator.Build.0 = Release|Any CPU
		{BFC821F8-7599-4F2E-BF34-8D0E3B336030}.AppStore|iPhoneSimulator.Deploy.0 = Release|Any CPU
		{BFC821F8-7599-4F2E-BF34-8D0E3B336030}.Debug|Any CPU.ActiveCfg = Debug|Any CPU
		{BFC821F8-7599-4F2E-BF34-8D0E3B336030}.Debug|Any CPU.Build.0 = Debug|Any CPU
		{BFC821F8-7599-4F2E-BF34-8D0E3B336030}.Debug|Any CPU.Deploy.0 = Debug|Any CPU
		{BFC821F8-7599-4F2E-BF34-8D0E3B336030}.Debug|iPhone.ActiveCfg = Debug|Any CPU
		{BFC821F8-7599-4F2E-BF34-8D0E3B336030}.Debug|iPhone.Build.0 = Debug|Any CPU
		{BFC821F8-7599-4F2E-BF34-8D0E3B336030}.Debug|iPhone.Deploy.0 = Debug|Any CPU
		{BFC821F8-7599-4F2E-BF34-8D0E3B336030}.Debug|iPhoneSimulator.ActiveCfg = Debug|Any CPU
		{BFC821F8-7599-4F2E-BF34-8D0E3B336030}.Debug|iPhoneSimulator.Build.0 = Debug|Any CPU
		{BFC821F8-7599-4F2E-BF34-8D0E3B336030}.Debug|iPhoneSimulator.Deploy.0 = Debug|Any CPU
		{BFC821F8-7599-4F2E-BF34-8D0E3B336030}.Release|Any CPU.ActiveCfg = Release|Any CPU
		{BFC821F8-7599-4F2E-BF34-8D0E3B336030}.Release|Any CPU.Build.0 = Release|Any CPU
		{BFC821F8-7599-4F2E-BF34-8D0E3B336030}.Release|Any CPU.Deploy.0 = Release|Any CPU
		{BFC821F8-7599-4F2E-BF34-8D0E3B336030}.Release|iPhone.ActiveCfg = Release|Any CPU
		{BFC821F8-7599-4F2E-BF34-8D0E3B336030}.Release|iPhone.Build.0 = Release|Any CPU
		{BFC821F8-7599-4F2E-BF34-8D0E3B336030}.Release|iPhone.Deploy.0 = Release|Any CPU
		{BFC821F8-7599-4F2E-BF34-8D0E3B336030}.Release|iPhoneSimulator.ActiveCfg = Release|Any CPU
		{BFC821F8-7599-4F2E-BF34-8D0E3B336030}.Release|iPhoneSimulator.Build.0 = Release|Any CPU
		{BFC821F8-7599-4F2E-BF34-8D0E3B336030}.Release|iPhoneSimulator.Deploy.0 = Release|Any CPU
		{FD35E76C-5BCC-4BBF-96BE-4FDC84E61E82}.Ad-Hoc|Any CPU.ActiveCfg = Release|iPhone
		{FD35E76C-5BCC-4BBF-96BE-4FDC84E61E82}.Ad-Hoc|Any CPU.Build.0 = Release|iPhone
		{FD35E76C-5BCC-4BBF-96BE-4FDC84E61E82}.Ad-Hoc|iPhone.ActiveCfg = Release|iPhone
		{FD35E76C-5BCC-4BBF-96BE-4FDC84E61E82}.Ad-Hoc|iPhone.Build.0 = Release|iPhone
		{FD35E76C-5BCC-4BBF-96BE-4FDC84E61E82}.Ad-Hoc|iPhoneSimulator.ActiveCfg = Release|iPhoneSimulator
		{FD35E76C-5BCC-4BBF-96BE-4FDC84E61E82}.Ad-Hoc|iPhoneSimulator.Build.0 = Release|iPhoneSimulator
		{FD35E76C-5BCC-4BBF-96BE-4FDC84E61E82}.AppStore|Any CPU.ActiveCfg = Release|iPhone
		{FD35E76C-5BCC-4BBF-96BE-4FDC84E61E82}.AppStore|Any CPU.Build.0 = Release|iPhone
		{FD35E76C-5BCC-4BBF-96BE-4FDC84E61E82}.AppStore|iPhone.ActiveCfg = Release|iPhone
		{FD35E76C-5BCC-4BBF-96BE-4FDC84E61E82}.AppStore|iPhone.Build.0 = Release|iPhone
		{FD35E76C-5BCC-4BBF-96BE-4FDC84E61E82}.AppStore|iPhoneSimulator.ActiveCfg = Release|iPhoneSimulator
		{FD35E76C-5BCC-4BBF-96BE-4FDC84E61E82}.AppStore|iPhoneSimulator.Build.0 = Release|iPhoneSimulator
		{FD35E76C-5BCC-4BBF-96BE-4FDC84E61E82}.Debug|Any CPU.ActiveCfg = Debug|iPhone
		{FD35E76C-5BCC-4BBF-96BE-4FDC84E61E82}.Debug|iPhone.ActiveCfg = Debug|iPhone
		{FD35E76C-5BCC-4BBF-96BE-4FDC84E61E82}.Debug|iPhone.Build.0 = Debug|iPhone
		{FD35E76C-5BCC-4BBF-96BE-4FDC84E61E82}.Debug|iPhoneSimulator.ActiveCfg = Debug|iPhoneSimulator
		{FD35E76C-5BCC-4BBF-96BE-4FDC84E61E82}.Debug|iPhoneSimulator.Build.0 = Debug|iPhoneSimulator
		{FD35E76C-5BCC-4BBF-96BE-4FDC84E61E82}.Release|Any CPU.ActiveCfg = Release|iPhone
		{FD35E76C-5BCC-4BBF-96BE-4FDC84E61E82}.Release|iPhone.ActiveCfg = Release|iPhone
		{FD35E76C-5BCC-4BBF-96BE-4FDC84E61E82}.Release|iPhone.Build.0 = Release|iPhone
		{FD35E76C-5BCC-4BBF-96BE-4FDC84E61E82}.Release|iPhoneSimulator.ActiveCfg = Release|iPhoneSimulator
		{FD35E76C-5BCC-4BBF-96BE-4FDC84E61E82}.Release|iPhoneSimulator.Build.0 = Release|iPhoneSimulator
	EndGlobalSection
	GlobalSection(SolutionProperties) = preSolution
		HideSolutionNode = FALSE
	EndGlobalSection
	GlobalSection(ExtensibilityGlobals) = postSolution
		SolutionGuid = {4EBAC187-F541-43BE-9D3C-64FD72BA5155}
	EndGlobalSection
EndGlobal
