
Microsoft Visual Studio Solution File, Format Version 12.00
# Visual Studio Version 16
VisualStudioVersion = 16.0.29920.165
MinimumVisualStudioVersion = 10.0.40219.1
Project("{FAE04EC0-301F-11D3-BF4B-00C04F79EFBC}") = "Taxi.Common", "Taxi.Common\Taxi.Common.csproj", "{A904B22C-3037-4B09-94DF-B83A45CCD181}"
EndProject
Project("{FAE04EC0-301F-11D3-BF4B-00C04F79EFBC}") = "Taxi.Web", "Taxi.Web\Taxi.Web.csproj", "{996E8ECE-A180-42E1-A8F9-2828BF071B8A}"
EndProject
Global
	GlobalSection(SolutionConfigurationPlatforms) = preSolution
		Debug|Any CPU = Debug|Any CPU
		Release|Any CPU = Release|Any CPU
	EndGlobalSection
	GlobalSection(ProjectConfigurationPlatforms) = postSolution
		{A904B22C-3037-4B09-94DF-B83A45CCD181}.Debug|Any CPU.ActiveCfg = Debug|Any CPU
		{A904B22C-3037-4B09-94DF-B83A45CCD181}.Debug|Any CPU.Build.0 = Debug|Any CPU
		{A904B22C-3037-4B09-94DF-B83A45CCD181}.Release|Any CPU.ActiveCfg = Release|Any CPU
		{A904B22C-3037-4B09-94DF-B83A45CCD181}.Release|Any CPU.Build.0 = Release|Any CPU
		{996E8ECE-A180-42E1-A8F9-2828BF071B8A}.Debug|Any CPU.ActiveCfg = Debug|Any CPU
		{996E8ECE-A180-42E1-A8F9-2828BF071B8A}.Debug|Any CPU.Build.0 = Debug|Any CPU
		{996E8ECE-A180-42E1-A8F9-2828BF071B8A}.Release|Any CPU.ActiveCfg = Release|Any CPU
		{996E8ECE-A180-42E1-A8F9-2828BF071B8A}.Release|Any CPU.Build.0 = Release|Any CPU
	EndGlobalSection
	GlobalSection(SolutionProperties) = preSolution
		HideSolutionNode = FALSE
	EndGlobalSection
	GlobalSection(ExtensibilityGlobals) = postSolution
		SolutionGuid = {4EBAC187-F541-43BE-9D3C-64FD72BA5155}
	EndGlobalSection
EndGlobal
