
Microsoft Visual Studio Solution File, Format Version 12.00
# Visual Studio Version 16
VisualStudioVersion = 16.0.29920.165
MinimumVisualStudioVersion = 10.0.40219.1
Project("{9A19103F-16F7-4668-BE54-9A1E7A4F7556}") = "Taxi.Common", "Taxi.Common\Taxi.Common.csproj", "{A904B22C-3037-4B09-94DF-B83A45CCD181}"
EndProject
Project("{9A19103F-16F7-4668-BE54-9A1E7A4F7556}") = "Taxi.Web", "Taxi.Web\Taxi.Web.csproj", "{996E8ECE-A180-42E1-A8F9-2828BF071B8A}"
EndProject
Project("{9A19103F-16F7-4668-BE54-9A1E7A4F7556}") = "Taxi.Prism", "Taxi.Prism\Taxi.Prism\Taxi.Prism.csproj", "{BCFAAE93-E428-41BD-91D8-C9E64B9D21EE}"
EndProject
Project("{FAE04EC0-301F-11D3-BF4B-00C04F79EFBC}") = "Taxi.Prism.Android", "Taxi.Prism\Taxi.Prism.Android\Taxi.Prism.Android.csproj", "{AFC975A0-10B5-4B32-B57D-466FD0D877CC}"
EndProject
Project("{FAE04EC0-301F-11D3-BF4B-00C04F79EFBC}") = "Taxi.Prism.iOS", "Taxi.Prism\Taxi.Prism.iOS\Taxi.Prism.iOS.csproj", "{BD393DF3-B820-4088-87A4-4002A78F3B14}"
EndProject
Project("{FAE04EC0-301F-11D3-BF4B-00C04F79EFBC}") = "Taxi.Cross.Android", "Taxi.Cross.Android\Taxi.Cross.Android.csproj", "{1380753E-F3D3-4372-82D1-11A7FBB09255}"
EndProject
Project("{FAE04EC0-301F-11D3-BF4B-00C04F79EFBC}") = "Taxi.Cross.iOS", "Taxi.Cross.iOS\Taxi.Cross.iOS.csproj", "{9785A043-732E-47D3-9C55-F964EE590123}"
EndProject
Global
	GlobalSection(SolutionConfigurationPlatforms) = preSolution
		Ad-Hoc|Any CPU = Ad-Hoc|Any CPU
		Ad-Hoc|iPhone = Ad-Hoc|iPhone
		Ad-Hoc|iPhoneSimulator = Ad-Hoc|iPhoneSimulator
		AppStore|Any CPU = AppStore|Any CPU
		AppStore|iPhone = AppStore|iPhone
		AppStore|iPhoneSimulator = AppStore|iPhoneSimulator
		Debug|Any CPU = Debug|Any CPU
		Debug|iPhone = Debug|iPhone
		Debug|iPhoneSimulator = Debug|iPhoneSimulator
		Release|Any CPU = Release|Any CPU
		Release|iPhone = Release|iPhone
		Release|iPhoneSimulator = Release|iPhoneSimulator
	EndGlobalSection
	GlobalSection(ProjectConfigurationPlatforms) = postSolution
		{A904B22C-3037-4B09-94DF-B83A45CCD181}.Ad-Hoc|Any CPU.ActiveCfg = Release|Any CPU
		{A904B22C-3037-4B09-94DF-B83A45CCD181}.Ad-Hoc|Any CPU.Build.0 = Release|Any CPU
		{A904B22C-3037-4B09-94DF-B83A45CCD181}.Ad-Hoc|iPhone.ActiveCfg = Release|Any CPU
		{A904B22C-3037-4B09-94DF-B83A45CCD181}.Ad-Hoc|iPhone.Build.0 = Release|Any CPU
		{A904B22C-3037-4B09-94DF-B83A45CCD181}.Ad-Hoc|iPhoneSimulator.ActiveCfg = Release|Any CPU
		{A904B22C-3037-4B09-94DF-B83A45CCD181}.Ad-Hoc|iPhoneSimulator.Build.0 = Release|Any CPU
		{A904B22C-3037-4B09-94DF-B83A45CCD181}.AppStore|Any CPU.ActiveCfg = Release|Any CPU
		{A904B22C-3037-4B09-94DF-B83A45CCD181}.AppStore|Any CPU.Build.0 = Release|Any CPU
		{A904B22C-3037-4B09-94DF-B83A45CCD181}.AppStore|iPhone.ActiveCfg = Release|Any CPU
		{A904B22C-3037-4B09-94DF-B83A45CCD181}.AppStore|iPhone.Build.0 = Release|Any CPU
		{A904B22C-3037-4B09-94DF-B83A45CCD181}.AppStore|iPhoneSimulator.ActiveCfg = Release|Any CPU
		{A904B22C-3037-4B09-94DF-B83A45CCD181}.AppStore|iPhoneSimulator.Build.0 = Release|Any CPU
		{A904B22C-3037-4B09-94DF-B83A45CCD181}.Debug|Any CPU.ActiveCfg = Debug|Any CPU
		{A904B22C-3037-4B09-94DF-B83A45CCD181}.Debug|Any CPU.Build.0 = Debug|Any CPU
		{A904B22C-3037-4B09-94DF-B83A45CCD181}.Debug|iPhone.ActiveCfg = Debug|Any CPU
		{A904B22C-3037-4B09-94DF-B83A45CCD181}.Debug|iPhone.Build.0 = Debug|Any CPU
		{A904B22C-3037-4B09-94DF-B83A45CCD181}.Debug|iPhoneSimulator.ActiveCfg = Debug|Any CPU
		{A904B22C-3037-4B09-94DF-B83A45CCD181}.Debug|iPhoneSimulator.Build.0 = Debug|Any CPU
		{A904B22C-3037-4B09-94DF-B83A45CCD181}.Release|Any CPU.ActiveCfg = Release|Any CPU
		{A904B22C-3037-4B09-94DF-B83A45CCD181}.Release|Any CPU.Build.0 = Release|Any CPU
		{A904B22C-3037-4B09-94DF-B83A45CCD181}.Release|iPhone.ActiveCfg = Release|Any CPU
		{A904B22C-3037-4B09-94DF-B83A45CCD181}.Release|iPhone.Build.0 = Release|Any CPU
		{A904B22C-3037-4B09-94DF-B83A45CCD181}.Release|iPhoneSimulator.ActiveCfg = Release|Any CPU
		{A904B22C-3037-4B09-94DF-B83A45CCD181}.Release|iPhoneSimulator.Build.0 = Release|Any CPU
		{996E8ECE-A180-42E1-A8F9-2828BF071B8A}.Ad-Hoc|Any CPU.ActiveCfg = Release|Any CPU
		{996E8ECE-A180-42E1-A8F9-2828BF071B8A}.Ad-Hoc|Any CPU.Build.0 = Release|Any CPU
		{996E8ECE-A180-42E1-A8F9-2828BF071B8A}.Ad-Hoc|iPhone.ActiveCfg = Release|Any CPU
		{996E8ECE-A180-42E1-A8F9-2828BF071B8A}.Ad-Hoc|iPhone.Build.0 = Release|Any CPU
		{996E8ECE-A180-42E1-A8F9-2828BF071B8A}.Ad-Hoc|iPhoneSimulator.ActiveCfg = Release|Any CPU
		{996E8ECE-A180-42E1-A8F9-2828BF071B8A}.Ad-Hoc|iPhoneSimulator.Build.0 = Release|Any CPU
		{996E8ECE-A180-42E1-A8F9-2828BF071B8A}.AppStore|Any CPU.ActiveCfg = Release|Any CPU
		{996E8ECE-A180-42E1-A8F9-2828BF071B8A}.AppStore|Any CPU.Build.0 = Release|Any CPU
		{996E8ECE-A180-42E1-A8F9-2828BF071B8A}.AppStore|iPhone.ActiveCfg = Release|Any CPU
		{996E8ECE-A180-42E1-A8F9-2828BF071B8A}.AppStore|iPhone.Build.0 = Release|Any CPU
		{996E8ECE-A180-42E1-A8F9-2828BF071B8A}.AppStore|iPhoneSimulator.ActiveCfg = Release|Any CPU
		{996E8ECE-A180-42E1-A8F9-2828BF071B8A}.AppStore|iPhoneSimulator.Build.0 = Release|Any CPU
		{996E8ECE-A180-42E1-A8F9-2828BF071B8A}.Debug|Any CPU.ActiveCfg = Debug|Any CPU
		{996E8ECE-A180-42E1-A8F9-2828BF071B8A}.Debug|Any CPU.Build.0 = Debug|Any CPU
		{996E8ECE-A180-42E1-A8F9-2828BF071B8A}.Debug|iPhone.ActiveCfg = Debug|Any CPU
		{996E8ECE-A180-42E1-A8F9-2828BF071B8A}.Debug|iPhone.Build.0 = Debug|Any CPU
		{996E8ECE-A180-42E1-A8F9-2828BF071B8A}.Debug|iPhoneSimulator.ActiveCfg = Debug|Any CPU
		{996E8ECE-A180-42E1-A8F9-2828BF071B8A}.Debug|iPhoneSimulator.Build.0 = Debug|Any CPU
		{996E8ECE-A180-42E1-A8F9-2828BF071B8A}.Release|Any CPU.ActiveCfg = Release|Any CPU
		{996E8ECE-A180-42E1-A8F9-2828BF071B8A}.Release|Any CPU.Build.0 = Release|Any CPU
		{996E8ECE-A180-42E1-A8F9-2828BF071B8A}.Release|iPhone.ActiveCfg = Release|Any CPU
		{996E8ECE-A180-42E1-A8F9-2828BF071B8A}.Release|iPhone.Build.0 = Release|Any CPU
		{996E8ECE-A180-42E1-A8F9-2828BF071B8A}.Release|iPhoneSimulator.ActiveCfg = Release|Any CPU
		{996E8ECE-A180-42E1-A8F9-2828BF071B8A}.Release|iPhoneSimulator.Build.0 = Release|Any CPU
		{BCFAAE93-E428-41BD-91D8-C9E64B9D21EE}.Ad-Hoc|Any CPU.ActiveCfg = Debug|Any CPU
		{BCFAAE93-E428-41BD-91D8-C9E64B9D21EE}.Ad-Hoc|Any CPU.Build.0 = Debug|Any CPU
		{BCFAAE93-E428-41BD-91D8-C9E64B9D21EE}.Ad-Hoc|iPhone.ActiveCfg = Debug|Any CPU
		{BCFAAE93-E428-41BD-91D8-C9E64B9D21EE}.Ad-Hoc|iPhone.Build.0 = Debug|Any CPU
		{BCFAAE93-E428-41BD-91D8-C9E64B9D21EE}.Ad-Hoc|iPhoneSimulator.ActiveCfg = Debug|Any CPU
		{BCFAAE93-E428-41BD-91D8-C9E64B9D21EE}.Ad-Hoc|iPhoneSimulator.Build.0 = Debug|Any CPU
		{BCFAAE93-E428-41BD-91D8-C9E64B9D21EE}.AppStore|Any CPU.ActiveCfg = Debug|Any CPU
		{BCFAAE93-E428-41BD-91D8-C9E64B9D21EE}.AppStore|Any CPU.Build.0 = Debug|Any CPU
		{BCFAAE93-E428-41BD-91D8-C9E64B9D21EE}.AppStore|iPhone.ActiveCfg = Debug|Any CPU
		{BCFAAE93-E428-41BD-91D8-C9E64B9D21EE}.AppStore|iPhone.Build.0 = Debug|Any CPU
		{BCFAAE93-E428-41BD-91D8-C9E64B9D21EE}.AppStore|iPhoneSimulator.ActiveCfg = Debug|Any CPU
		{BCFAAE93-E428-41BD-91D8-C9E64B9D21EE}.AppStore|iPhoneSimulator.Build.0 = Debug|Any CPU
		{BCFAAE93-E428-41BD-91D8-C9E64B9D21EE}.Debug|Any CPU.ActiveCfg = Debug|Any CPU
		{BCFAAE93-E428-41BD-91D8-C9E64B9D21EE}.Debug|Any CPU.Build.0 = Debug|Any CPU
		{BCFAAE93-E428-41BD-91D8-C9E64B9D21EE}.Debug|iPhone.ActiveCfg = Debug|Any CPU
		{BCFAAE93-E428-41BD-91D8-C9E64B9D21EE}.Debug|iPhone.Build.0 = Debug|Any CPU
		{BCFAAE93-E428-41BD-91D8-C9E64B9D21EE}.Debug|iPhoneSimulator.ActiveCfg = Debug|Any CPU
		{BCFAAE93-E428-41BD-91D8-C9E64B9D21EE}.Debug|iPhoneSimulator.Build.0 = Debug|Any CPU
		{BCFAAE93-E428-41BD-91D8-C9E64B9D21EE}.Release|Any CPU.ActiveCfg = Release|Any CPU
		{BCFAAE93-E428-41BD-91D8-C9E64B9D21EE}.Release|Any CPU.Build.0 = Release|Any CPU
		{BCFAAE93-E428-41BD-91D8-C9E64B9D21EE}.Release|iPhone.ActiveCfg = Release|Any CPU
		{BCFAAE93-E428-41BD-91D8-C9E64B9D21EE}.Release|iPhone.Build.0 = Release|Any CPU
		{BCFAAE93-E428-41BD-91D8-C9E64B9D21EE}.Release|iPhoneSimulator.ActiveCfg = Release|Any CPU
		{BCFAAE93-E428-41BD-91D8-C9E64B9D21EE}.Release|iPhoneSimulator.Build.0 = Release|Any CPU
		{AFC975A0-10B5-4B32-B57D-466FD0D877CC}.Ad-Hoc|Any CPU.ActiveCfg = Release|Any CPU
		{AFC975A0-10B5-4B32-B57D-466FD0D877CC}.Ad-Hoc|Any CPU.Build.0 = Release|Any CPU
		{AFC975A0-10B5-4B32-B57D-466FD0D877CC}.Ad-Hoc|Any CPU.Deploy.0 = Release|Any CPU
		{AFC975A0-10B5-4B32-B57D-466FD0D877CC}.Ad-Hoc|iPhone.ActiveCfg = Release|Any CPU
		{AFC975A0-10B5-4B32-B57D-466FD0D877CC}.Ad-Hoc|iPhone.Build.0 = Release|Any CPU
		{AFC975A0-10B5-4B32-B57D-466FD0D877CC}.Ad-Hoc|iPhone.Deploy.0 = Release|Any CPU
		{AFC975A0-10B5-4B32-B57D-466FD0D877CC}.Ad-Hoc|iPhoneSimulator.ActiveCfg = Release|Any CPU
		{AFC975A0-10B5-4B32-B57D-466FD0D877CC}.Ad-Hoc|iPhoneSimulator.Build.0 = Release|Any CPU
		{AFC975A0-10B5-4B32-B57D-466FD0D877CC}.Ad-Hoc|iPhoneSimulator.Deploy.0 = Release|Any CPU
		{AFC975A0-10B5-4B32-B57D-466FD0D877CC}.AppStore|Any CPU.ActiveCfg = Release|Any CPU
		{AFC975A0-10B5-4B32-B57D-466FD0D877CC}.AppStore|Any CPU.Build.0 = Release|Any CPU
		{AFC975A0-10B5-4B32-B57D-466FD0D877CC}.AppStore|Any CPU.Deploy.0 = Release|Any CPU
		{AFC975A0-10B5-4B32-B57D-466FD0D877CC}.AppStore|iPhone.ActiveCfg = Release|Any CPU
		{AFC975A0-10B5-4B32-B57D-466FD0D877CC}.AppStore|iPhone.Build.0 = Release|Any CPU
		{AFC975A0-10B5-4B32-B57D-466FD0D877CC}.AppStore|iPhone.Deploy.0 = Release|Any CPU
		{AFC975A0-10B5-4B32-B57D-466FD0D877CC}.AppStore|iPhoneSimulator.ActiveCfg = Release|Any CPU
		{AFC975A0-10B5-4B32-B57D-466FD0D877CC}.AppStore|iPhoneSimulator.Build.0 = Release|Any CPU
		{AFC975A0-10B5-4B32-B57D-466FD0D877CC}.AppStore|iPhoneSimulator.Deploy.0 = Release|Any CPU
		{AFC975A0-10B5-4B32-B57D-466FD0D877CC}.Debug|Any CPU.ActiveCfg = Debug|Any CPU
		{AFC975A0-10B5-4B32-B57D-466FD0D877CC}.Debug|Any CPU.Build.0 = Debug|Any CPU
		{AFC975A0-10B5-4B32-B57D-466FD0D877CC}.Debug|Any CPU.Deploy.0 = Debug|Any CPU
		{AFC975A0-10B5-4B32-B57D-466FD0D877CC}.Debug|iPhone.ActiveCfg = Debug|Any CPU
		{AFC975A0-10B5-4B32-B57D-466FD0D877CC}.Debug|iPhone.Build.0 = Debug|Any CPU
		{AFC975A0-10B5-4B32-B57D-466FD0D877CC}.Debug|iPhone.Deploy.0 = Debug|Any CPU
		{AFC975A0-10B5-4B32-B57D-466FD0D877CC}.Debug|iPhoneSimulator.ActiveCfg = Debug|Any CPU
		{AFC975A0-10B5-4B32-B57D-466FD0D877CC}.Debug|iPhoneSimulator.Build.0 = Debug|Any CPU
		{AFC975A0-10B5-4B32-B57D-466FD0D877CC}.Debug|iPhoneSimulator.Deploy.0 = Debug|Any CPU
		{AFC975A0-10B5-4B32-B57D-466FD0D877CC}.Release|Any CPU.ActiveCfg = Release|Any CPU
		{AFC975A0-10B5-4B32-B57D-466FD0D877CC}.Release|Any CPU.Build.0 = Release|Any CPU
		{AFC975A0-10B5-4B32-B57D-466FD0D877CC}.Release|Any CPU.Deploy.0 = Release|Any CPU
		{AFC975A0-10B5-4B32-B57D-466FD0D877CC}.Release|iPhone.ActiveCfg = Release|Any CPU
		{AFC975A0-10B5-4B32-B57D-466FD0D877CC}.Release|iPhone.Build.0 = Release|Any CPU
		{AFC975A0-10B5-4B32-B57D-466FD0D877CC}.Release|iPhone.Deploy.0 = Release|Any CPU
		{AFC975A0-10B5-4B32-B57D-466FD0D877CC}.Release|iPhoneSimulator.ActiveCfg = Release|Any CPU
		{AFC975A0-10B5-4B32-B57D-466FD0D877CC}.Release|iPhoneSimulator.Build.0 = Release|Any CPU
		{AFC975A0-10B5-4B32-B57D-466FD0D877CC}.Release|iPhoneSimulator.Deploy.0 = Release|Any CPU
		{BD393DF3-B820-4088-87A4-4002A78F3B14}.Ad-Hoc|Any CPU.ActiveCfg = Ad-Hoc|iPhone
		{BD393DF3-B820-4088-87A4-4002A78F3B14}.Ad-Hoc|iPhone.ActiveCfg = Ad-Hoc|iPhone
		{BD393DF3-B820-4088-87A4-4002A78F3B14}.Ad-Hoc|iPhone.Build.0 = Ad-Hoc|iPhone
		{BD393DF3-B820-4088-87A4-4002A78F3B14}.Ad-Hoc|iPhoneSimulator.ActiveCfg = Ad-Hoc|iPhoneSimulator
		{BD393DF3-B820-4088-87A4-4002A78F3B14}.Ad-Hoc|iPhoneSimulator.Build.0 = Ad-Hoc|iPhoneSimulator
		{BD393DF3-B820-4088-87A4-4002A78F3B14}.AppStore|Any CPU.ActiveCfg = AppStore|iPhone
		{BD393DF3-B820-4088-87A4-4002A78F3B14}.AppStore|iPhone.ActiveCfg = AppStore|iPhone
		{BD393DF3-B820-4088-87A4-4002A78F3B14}.AppStore|iPhone.Build.0 = AppStore|iPhone
		{BD393DF3-B820-4088-87A4-4002A78F3B14}.AppStore|iPhoneSimulator.ActiveCfg = AppStore|iPhoneSimulator
		{BD393DF3-B820-4088-87A4-4002A78F3B14}.AppStore|iPhoneSimulator.Build.0 = AppStore|iPhoneSimulator
		{BD393DF3-B820-4088-87A4-4002A78F3B14}.Debug|Any CPU.ActiveCfg = Debug|iPhone
		{BD393DF3-B820-4088-87A4-4002A78F3B14}.Debug|iPhone.ActiveCfg = Debug|iPhone
		{BD393DF3-B820-4088-87A4-4002A78F3B14}.Debug|iPhone.Build.0 = Debug|iPhone
		{BD393DF3-B820-4088-87A4-4002A78F3B14}.Debug|iPhoneSimulator.ActiveCfg = Debug|iPhoneSimulator
		{BD393DF3-B820-4088-87A4-4002A78F3B14}.Debug|iPhoneSimulator.Build.0 = Debug|iPhoneSimulator
		{BD393DF3-B820-4088-87A4-4002A78F3B14}.Release|Any CPU.ActiveCfg = Release|iPhone
		{BD393DF3-B820-4088-87A4-4002A78F3B14}.Release|iPhone.ActiveCfg = Release|iPhone
		{BD393DF3-B820-4088-87A4-4002A78F3B14}.Release|iPhone.Build.0 = Release|iPhone
		{BD393DF3-B820-4088-87A4-4002A78F3B14}.Release|iPhoneSimulator.ActiveCfg = Release|iPhoneSimulator
		{BD393DF3-B820-4088-87A4-4002A78F3B14}.Release|iPhoneSimulator.Build.0 = Release|iPhoneSimulator
		{1380753E-F3D3-4372-82D1-11A7FBB09255}.Ad-Hoc|Any CPU.ActiveCfg = Release|Any CPU
		{1380753E-F3D3-4372-82D1-11A7FBB09255}.Ad-Hoc|Any CPU.Build.0 = Release|Any CPU
		{1380753E-F3D3-4372-82D1-11A7FBB09255}.Ad-Hoc|Any CPU.Deploy.0 = Release|Any CPU
		{1380753E-F3D3-4372-82D1-11A7FBB09255}.Ad-Hoc|iPhone.ActiveCfg = Release|Any CPU
		{1380753E-F3D3-4372-82D1-11A7FBB09255}.Ad-Hoc|iPhone.Build.0 = Release|Any CPU
		{1380753E-F3D3-4372-82D1-11A7FBB09255}.Ad-Hoc|iPhone.Deploy.0 = Release|Any CPU
		{1380753E-F3D3-4372-82D1-11A7FBB09255}.Ad-Hoc|iPhoneSimulator.ActiveCfg = Release|Any CPU
		{1380753E-F3D3-4372-82D1-11A7FBB09255}.Ad-Hoc|iPhoneSimulator.Build.0 = Release|Any CPU
		{1380753E-F3D3-4372-82D1-11A7FBB09255}.Ad-Hoc|iPhoneSimulator.Deploy.0 = Release|Any CPU
		{1380753E-F3D3-4372-82D1-11A7FBB09255}.AppStore|Any CPU.ActiveCfg = Release|Any CPU
		{1380753E-F3D3-4372-82D1-11A7FBB09255}.AppStore|Any CPU.Build.0 = Release|Any CPU
		{1380753E-F3D3-4372-82D1-11A7FBB09255}.AppStore|Any CPU.Deploy.0 = Release|Any CPU
		{1380753E-F3D3-4372-82D1-11A7FBB09255}.AppStore|iPhone.ActiveCfg = Release|Any CPU
		{1380753E-F3D3-4372-82D1-11A7FBB09255}.AppStore|iPhone.Build.0 = Release|Any CPU
		{1380753E-F3D3-4372-82D1-11A7FBB09255}.AppStore|iPhone.Deploy.0 = Release|Any CPU
		{1380753E-F3D3-4372-82D1-11A7FBB09255}.AppStore|iPhoneSimulator.ActiveCfg = Release|Any CPU
		{1380753E-F3D3-4372-82D1-11A7FBB09255}.AppStore|iPhoneSimulator.Build.0 = Release|Any CPU
		{1380753E-F3D3-4372-82D1-11A7FBB09255}.AppStore|iPhoneSimulator.Deploy.0 = Release|Any CPU
		{1380753E-F3D3-4372-82D1-11A7FBB09255}.Debug|Any CPU.ActiveCfg = Debug|Any CPU
		{1380753E-F3D3-4372-82D1-11A7FBB09255}.Debug|Any CPU.Build.0 = Debug|Any CPU
		{1380753E-F3D3-4372-82D1-11A7FBB09255}.Debug|Any CPU.Deploy.0 = Debug|Any CPU
		{1380753E-F3D3-4372-82D1-11A7FBB09255}.Debug|iPhone.ActiveCfg = Debug|Any CPU
		{1380753E-F3D3-4372-82D1-11A7FBB09255}.Debug|iPhone.Build.0 = Debug|Any CPU
		{1380753E-F3D3-4372-82D1-11A7FBB09255}.Debug|iPhone.Deploy.0 = Debug|Any CPU
		{1380753E-F3D3-4372-82D1-11A7FBB09255}.Debug|iPhoneSimulator.ActiveCfg = Debug|Any CPU
		{1380753E-F3D3-4372-82D1-11A7FBB09255}.Debug|iPhoneSimulator.Build.0 = Debug|Any CPU
		{1380753E-F3D3-4372-82D1-11A7FBB09255}.Debug|iPhoneSimulator.Deploy.0 = Debug|Any CPU
		{1380753E-F3D3-4372-82D1-11A7FBB09255}.Release|Any CPU.ActiveCfg = Release|Any CPU
		{1380753E-F3D3-4372-82D1-11A7FBB09255}.Release|Any CPU.Build.0 = Release|Any CPU
		{1380753E-F3D3-4372-82D1-11A7FBB09255}.Release|Any CPU.Deploy.0 = Release|Any CPU
		{1380753E-F3D3-4372-82D1-11A7FBB09255}.Release|iPhone.ActiveCfg = Release|Any CPU
		{1380753E-F3D3-4372-82D1-11A7FBB09255}.Release|iPhone.Build.0 = Release|Any CPU
		{1380753E-F3D3-4372-82D1-11A7FBB09255}.Release|iPhone.Deploy.0 = Release|Any CPU
		{1380753E-F3D3-4372-82D1-11A7FBB09255}.Release|iPhoneSimulator.ActiveCfg = Release|Any CPU
		{1380753E-F3D3-4372-82D1-11A7FBB09255}.Release|iPhoneSimulator.Build.0 = Release|Any CPU
		{1380753E-F3D3-4372-82D1-11A7FBB09255}.Release|iPhoneSimulator.Deploy.0 = Release|Any CPU
		{9785A043-732E-47D3-9C55-F964EE590123}.Ad-Hoc|Any CPU.ActiveCfg = Release|iPhone
		{9785A043-732E-47D3-9C55-F964EE590123}.Ad-Hoc|Any CPU.Build.0 = Release|iPhone
		{9785A043-732E-47D3-9C55-F964EE590123}.Ad-Hoc|iPhone.ActiveCfg = Release|iPhone
		{9785A043-732E-47D3-9C55-F964EE590123}.Ad-Hoc|iPhone.Build.0 = Release|iPhone
		{9785A043-732E-47D3-9C55-F964EE590123}.Ad-Hoc|iPhoneSimulator.ActiveCfg = Release|iPhoneSimulator
		{9785A043-732E-47D3-9C55-F964EE590123}.Ad-Hoc|iPhoneSimulator.Build.0 = Release|iPhoneSimulator
		{9785A043-732E-47D3-9C55-F964EE590123}.AppStore|Any CPU.ActiveCfg = Release|iPhone
		{9785A043-732E-47D3-9C55-F964EE590123}.AppStore|Any CPU.Build.0 = Release|iPhone
		{9785A043-732E-47D3-9C55-F964EE590123}.AppStore|iPhone.ActiveCfg = Release|iPhone
		{9785A043-732E-47D3-9C55-F964EE590123}.AppStore|iPhone.Build.0 = Release|iPhone
		{9785A043-732E-47D3-9C55-F964EE590123}.AppStore|iPhoneSimulator.ActiveCfg = Release|iPhoneSimulator
		{9785A043-732E-47D3-9C55-F964EE590123}.AppStore|iPhoneSimulator.Build.0 = Release|iPhoneSimulator
		{9785A043-732E-47D3-9C55-F964EE590123}.Debug|Any CPU.ActiveCfg = Debug|iPhone
		{9785A043-732E-47D3-9C55-F964EE590123}.Debug|iPhone.ActiveCfg = Debug|iPhone
		{9785A043-732E-47D3-9C55-F964EE590123}.Debug|iPhone.Build.0 = Debug|iPhone
		{9785A043-732E-47D3-9C55-F964EE590123}.Debug|iPhoneSimulator.ActiveCfg = Debug|iPhoneSimulator
		{9785A043-732E-47D3-9C55-F964EE590123}.Debug|iPhoneSimulator.Build.0 = Debug|iPhoneSimulator
		{9785A043-732E-47D3-9C55-F964EE590123}.Release|Any CPU.ActiveCfg = Release|iPhone
		{9785A043-732E-47D3-9C55-F964EE590123}.Release|iPhone.ActiveCfg = Release|iPhone
		{9785A043-732E-47D3-9C55-F964EE590123}.Release|iPhone.Build.0 = Release|iPhone
		{9785A043-732E-47D3-9C55-F964EE590123}.Release|iPhoneSimulator.ActiveCfg = Release|iPhoneSimulator
		{9785A043-732E-47D3-9C55-F964EE590123}.Release|iPhoneSimulator.Build.0 = Release|iPhoneSimulator
	EndGlobalSection
	GlobalSection(SolutionProperties) = preSolution
		HideSolutionNode = FALSE
	EndGlobalSection
	GlobalSection(ExtensibilityGlobals) = postSolution
		SolutionGuid = {4EBAC187-F541-43BE-9D3C-64FD72BA5155}
	EndGlobalSection
EndGlobal
